
Microsoft Visual Studio Solution File, Format Version 12.00
# Visual Studio Version 16
VisualStudioVersion = 16.0.29519.181
MinimumVisualStudioVersion = 10.0.40219.1
Project("{9A19103F-16F7-4668-BE54-9A1E7A4F7556}") = "CompareDemo", "src\CompareDemo\CompareDemo.csproj", "{CECB1561-03AA-4DDC-97D9-965B55DC4E2C}"
EndProject
Project("{9A19103F-16F7-4668-BE54-9A1E7A4F7556}") = "DockerDeployDemo", "src\DockerDeployDemo\DockerDeployDemo\DockerDeployDemo.csproj", "{84D6C30E-574C-4723-9926-A6D281AD9251}"
EndProject
Project("{9A19103F-16F7-4668-BE54-9A1E7A4F7556}") = "DotNetAspectCore", "src\DotNetAspectCore\DotNetAspectCore.csproj", "{96B093F2-0C21-416F-B074-8C527A44F66F}"
EndProject
Project("{9A19103F-16F7-4668-BE54-9A1E7A4F7556}") = "HealthCheckBlogDemo", "src\HealthCheckBlogDemo\HealthCheckBlogDemo\HealthCheckBlogDemo.csproj", "{A76189F6-7DC4-4AEC-AA81-94965A77D2BA}"
EndProject
Project("{9A19103F-16F7-4668-BE54-9A1E7A4F7556}") = "LazyTest", "src\LazyTest\LazyTest.csproj", "{40E9FB78-54FC-4BC3-A7E6-08A09F61296F}"
EndProject
Project("{9A19103F-16F7-4668-BE54-9A1E7A4F7556}") = "ObjectPoolBlog", "src\ObjectPoolBlog\ObjectPoolBlog.csproj", "{E1C43CEF-B3B0-4A74-B465-5536CBCDE061}"
EndProject
Project("{9A19103F-16F7-4668-BE54-9A1E7A4F7556}") = "ObjectPoolWebTest", "src\ObjectPoolWebTest\ObjectPoolWebTest.csproj", "{F48F48B4-4710-4DD5-921D-9086A7941BA0}"
EndProject
Project("{9A19103F-16F7-4668-BE54-9A1E7A4F7556}") = "OptionsConfigure", "src\OptionsConfigure\OptionsConfigure.csproj", "{FCFFFDD9-349F-4216-A448-CD05EC673309}"
EndProject
Project("{9A19103F-16F7-4668-BE54-9A1E7A4F7556}") = "ResponseCompression", "src\ResponseCompression\ResponseCompression\ResponseCompression.csproj", "{9DE9FDFB-80B1-4A6D-A204-5AF42008DE9F}"
EndProject
Project("{9A19103F-16F7-4668-BE54-9A1E7A4F7556}") = "WorkerServiceDemo", "src\WorkerServiceDemo\WorkerServiceDemo.csproj", "{D336D7CF-EAD8-4E81-8384-6B4F3C5BEA20}"
EndProject
Project("{9A19103F-16F7-4668-BE54-9A1E7A4F7556}") = "ASPNETCoreWindowsService", "src\ASPNETCoreWindowsService\ASPNETCoreWindowsService.csproj", "{6F619A45-EB79-472D-9D0A-810CBE258690}"
EndProject
Project("{9A19103F-16F7-4668-BE54-9A1E7A4F7556}") = "ConsoleDemo", "src\ConsoleDemo\ConsoleDemo.csproj", "{2AA20872-95DA-40B5-AE2C-E28C858EF47A}"
EndProject
Project("{9A19103F-16F7-4668-BE54-9A1E7A4F7556}") = "EqualsAndGetHashCode", "src\EqualsAndGetHashCode\EqualsAndGetHashCode.csproj", "{40D6829A-9F37-4D1C-AB29-48715440FA32}"
EndProject
Project("{9A19103F-16F7-4668-BE54-9A1E7A4F7556}") = "Magicodes.IE.Exporter", "src\Magicodes.IE.Exporter\Magicodes.IE.Exporter.csproj", "{2E7D4172-F347-45BE-BBE4-0A800074ABFE}"
EndProject
Project("{9A19103F-16F7-4668-BE54-9A1E7A4F7556}") = "SYSTEMNETHTTPJSON", "src\SYSTEMNETHTTPJSON\SYSTEMNETHTTPJSON.csproj", "{DE9ACA18-E198-4D41-A140-5A80EEC45F49}"
EndProject
Project("{9A19103F-16F7-4668-BE54-9A1E7A4F7556}") = "ValidateScopes", "src\ValidateScopes\ValidateScopes.csproj", "{0C536C5A-9E54-4F92-B113-E7F0DD22E743}"
EndProject
Project("{9A19103F-16F7-4668-BE54-9A1E7A4F7556}") = "ResponseCachingDemo", "src\ResponseCachingDemo\ResponseCachingDemo.csproj", "{363BF8C0-341F-48DC-AD3F-8698DF80F2A4}"
EndProject
Project("{2150E333-8FDC-42A3-9474-1A3956D46DE8}") = "docs", "docs", "{F7C2EE70-DEA3-427F-B92B-B83AD1FACF94}"
	ProjectSection(SolutionItems) = preProject
		docs\Blog流程图.ppt = docs\Blog流程图.ppt
	EndProjectSection
EndProject
Project("{9A19103F-16F7-4668-BE54-9A1E7A4F7556}") = "LoadBalanceDemo", "src\LoadBalanceDemo\LoadBalanceDemo.csproj", "{22D32DE6-AED9-478C-A14F-277B3C884CA2}"
EndProject
Project("{2150E333-8FDC-42A3-9474-1A3956D46DE8}") = "Solution Items", "Solution Items", "{95663004-A7B6-4733-9FE0-CF17A973B29A}"
	ProjectSection(SolutionItems) = preProject
		global.json = global.json
		README.md = README.md
	EndProjectSection
EndProject
Project("{9A19103F-16F7-4668-BE54-9A1E7A4F7556}") = "CQRSMediatR", "src\CQRSMediatR\CQRSMediatR.csproj", "{46D51430-D531-4577-987A-09ECF4D5AB23}"
EndProject
Project("{2150E333-8FDC-42A3-9474-1A3956D46DE8}") = "Localization", "Localization", "{A4EE7893-0C96-4054-A63B-0DB76C84581F}"
EndProject
Project("{9A19103F-16F7-4668-BE54-9A1E7A4F7556}") = "LocalizationSingleResx", "src\LocalizationSingleResx\LocalizationSingleResx.csproj", "{604C0DA3-C6FE-4707-9A99-32FE1E84E329}"
EndProject
Project("{9A19103F-16F7-4668-BE54-9A1E7A4F7556}") = "DynamicControllerRoute", "src\DynamicControllerRoute\DynamicControllerRoute.csproj", "{5C3C2B07-3C3E-452E-84A1-B36F2BE46708}"
EndProject
Project("{9A19103F-16F7-4668-BE54-9A1E7A4F7556}") = "Magicodes.64", "src\Magicodes.64\Magicodes.64.csproj", "{74A19FB8-5163-4006-A29C-A9773B9AF881}"
EndProject
Project("{2150E333-8FDC-42A3-9474-1A3956D46DE8}") = "src", "src", "{DE571310-CBAE-4C0A-97D7-1928A70C6573}"
EndProject
Project("{FAE04EC0-301F-11D3-BF4B-00C04F79EFBC}") = "DiagnosticDemo", "src\DiagnosticDemo\DiagnosticDemo.csproj", "{699EF0D1-762C-420F-9340-0AD91590832B}"
EndProject
Global
	GlobalSection(SolutionConfigurationPlatforms) = preSolution
		Debug|Any CPU = Debug|Any CPU
		Debug|x64 = Debug|x64
		Debug|x86 = Debug|x86
		Release|Any CPU = Release|Any CPU
		Release|x64 = Release|x64
		Release|x86 = Release|x86
	EndGlobalSection
	GlobalSection(ProjectConfigurationPlatforms) = postSolution
		{CECB1561-03AA-4DDC-97D9-965B55DC4E2C}.Debug|Any CPU.ActiveCfg = Debug|Any CPU
		{CECB1561-03AA-4DDC-97D9-965B55DC4E2C}.Debug|Any CPU.Build.0 = Debug|Any CPU
		{CECB1561-03AA-4DDC-97D9-965B55DC4E2C}.Debug|x64.ActiveCfg = Debug|Any CPU
		{CECB1561-03AA-4DDC-97D9-965B55DC4E2C}.Debug|x64.Build.0 = Debug|Any CPU
		{CECB1561-03AA-4DDC-97D9-965B55DC4E2C}.Debug|x86.ActiveCfg = Debug|Any CPU
		{CECB1561-03AA-4DDC-97D9-965B55DC4E2C}.Debug|x86.Build.0 = Debug|Any CPU
		{CECB1561-03AA-4DDC-97D9-965B55DC4E2C}.Release|Any CPU.ActiveCfg = Release|Any CPU
		{CECB1561-03AA-4DDC-97D9-965B55DC4E2C}.Release|Any CPU.Build.0 = Release|Any CPU
		{CECB1561-03AA-4DDC-97D9-965B55DC4E2C}.Release|x64.ActiveCfg = Release|Any CPU
		{CECB1561-03AA-4DDC-97D9-965B55DC4E2C}.Release|x64.Build.0 = Release|Any CPU
		{CECB1561-03AA-4DDC-97D9-965B55DC4E2C}.Release|x86.ActiveCfg = Release|Any CPU
		{CECB1561-03AA-4DDC-97D9-965B55DC4E2C}.Release|x86.Build.0 = Release|Any CPU
		{84D6C30E-574C-4723-9926-A6D281AD9251}.Debug|Any CPU.ActiveCfg = Debug|Any CPU
		{84D6C30E-574C-4723-9926-A6D281AD9251}.Debug|Any CPU.Build.0 = Debug|Any CPU
		{84D6C30E-574C-4723-9926-A6D281AD9251}.Debug|x64.ActiveCfg = Debug|Any CPU
		{84D6C30E-574C-4723-9926-A6D281AD9251}.Debug|x64.Build.0 = Debug|Any CPU
		{84D6C30E-574C-4723-9926-A6D281AD9251}.Debug|x86.ActiveCfg = Debug|Any CPU
		{84D6C30E-574C-4723-9926-A6D281AD9251}.Debug|x86.Build.0 = Debug|Any CPU
		{84D6C30E-574C-4723-9926-A6D281AD9251}.Release|Any CPU.ActiveCfg = Release|Any CPU
		{84D6C30E-574C-4723-9926-A6D281AD9251}.Release|Any CPU.Build.0 = Release|Any CPU
		{84D6C30E-574C-4723-9926-A6D281AD9251}.Release|x64.ActiveCfg = Release|Any CPU
		{84D6C30E-574C-4723-9926-A6D281AD9251}.Release|x64.Build.0 = Release|Any CPU
		{84D6C30E-574C-4723-9926-A6D281AD9251}.Release|x86.ActiveCfg = Release|Any CPU
		{84D6C30E-574C-4723-9926-A6D281AD9251}.Release|x86.Build.0 = Release|Any CPU
		{96B093F2-0C21-416F-B074-8C527A44F66F}.Debug|Any CPU.ActiveCfg = Debug|Any CPU
		{96B093F2-0C21-416F-B074-8C527A44F66F}.Debug|Any CPU.Build.0 = Debug|Any CPU
		{96B093F2-0C21-416F-B074-8C527A44F66F}.Debug|x64.ActiveCfg = Debug|Any CPU
		{96B093F2-0C21-416F-B074-8C527A44F66F}.Debug|x64.Build.0 = Debug|Any CPU
		{96B093F2-0C21-416F-B074-8C527A44F66F}.Debug|x86.ActiveCfg = Debug|Any CPU
		{96B093F2-0C21-416F-B074-8C527A44F66F}.Debug|x86.Build.0 = Debug|Any CPU
		{96B093F2-0C21-416F-B074-8C527A44F66F}.Release|Any CPU.ActiveCfg = Release|Any CPU
		{96B093F2-0C21-416F-B074-8C527A44F66F}.Release|Any CPU.Build.0 = Release|Any CPU
		{96B093F2-0C21-416F-B074-8C527A44F66F}.Release|x64.ActiveCfg = Release|Any CPU
		{96B093F2-0C21-416F-B074-8C527A44F66F}.Release|x64.Build.0 = Release|Any CPU
		{96B093F2-0C21-416F-B074-8C527A44F66F}.Release|x86.ActiveCfg = Release|Any CPU
		{96B093F2-0C21-416F-B074-8C527A44F66F}.Release|x86.Build.0 = Release|Any CPU
		{A76189F6-7DC4-4AEC-AA81-94965A77D2BA}.Debug|Any CPU.ActiveCfg = Debug|Any CPU
		{A76189F6-7DC4-4AEC-AA81-94965A77D2BA}.Debug|Any CPU.Build.0 = Debug|Any CPU
		{A76189F6-7DC4-4AEC-AA81-94965A77D2BA}.Debug|x64.ActiveCfg = Debug|Any CPU
		{A76189F6-7DC4-4AEC-AA81-94965A77D2BA}.Debug|x64.Build.0 = Debug|Any CPU
		{A76189F6-7DC4-4AEC-AA81-94965A77D2BA}.Debug|x86.ActiveCfg = Debug|Any CPU
		{A76189F6-7DC4-4AEC-AA81-94965A77D2BA}.Debug|x86.Build.0 = Debug|Any CPU
		{A76189F6-7DC4-4AEC-AA81-94965A77D2BA}.Release|Any CPU.ActiveCfg = Release|Any CPU
		{A76189F6-7DC4-4AEC-AA81-94965A77D2BA}.Release|Any CPU.Build.0 = Release|Any CPU
		{A76189F6-7DC4-4AEC-AA81-94965A77D2BA}.Release|x64.ActiveCfg = Release|Any CPU
		{A76189F6-7DC4-4AEC-AA81-94965A77D2BA}.Release|x64.Build.0 = Release|Any CPU
		{A76189F6-7DC4-4AEC-AA81-94965A77D2BA}.Release|x86.ActiveCfg = Release|Any CPU
		{A76189F6-7DC4-4AEC-AA81-94965A77D2BA}.Release|x86.Build.0 = Release|Any CPU
		{40E9FB78-54FC-4BC3-A7E6-08A09F61296F}.Debug|Any CPU.ActiveCfg = Debug|Any CPU
		{40E9FB78-54FC-4BC3-A7E6-08A09F61296F}.Debug|Any CPU.Build.0 = Debug|Any CPU
		{40E9FB78-54FC-4BC3-A7E6-08A09F61296F}.Debug|x64.ActiveCfg = Debug|Any CPU
		{40E9FB78-54FC-4BC3-A7E6-08A09F61296F}.Debug|x64.Build.0 = Debug|Any CPU
		{40E9FB78-54FC-4BC3-A7E6-08A09F61296F}.Debug|x86.ActiveCfg = Debug|Any CPU
		{40E9FB78-54FC-4BC3-A7E6-08A09F61296F}.Debug|x86.Build.0 = Debug|Any CPU
		{40E9FB78-54FC-4BC3-A7E6-08A09F61296F}.Release|Any CPU.ActiveCfg = Release|Any CPU
		{40E9FB78-54FC-4BC3-A7E6-08A09F61296F}.Release|Any CPU.Build.0 = Release|Any CPU
		{40E9FB78-54FC-4BC3-A7E6-08A09F61296F}.Release|x64.ActiveCfg = Release|Any CPU
		{40E9FB78-54FC-4BC3-A7E6-08A09F61296F}.Release|x64.Build.0 = Release|Any CPU
		{40E9FB78-54FC-4BC3-A7E6-08A09F61296F}.Release|x86.ActiveCfg = Release|Any CPU
		{40E9FB78-54FC-4BC3-A7E6-08A09F61296F}.Release|x86.Build.0 = Release|Any CPU
		{E1C43CEF-B3B0-4A74-B465-5536CBCDE061}.Debug|Any CPU.ActiveCfg = Debug|Any CPU
		{E1C43CEF-B3B0-4A74-B465-5536CBCDE061}.Debug|Any CPU.Build.0 = Debug|Any CPU
		{E1C43CEF-B3B0-4A74-B465-5536CBCDE061}.Debug|x64.ActiveCfg = Debug|Any CPU
		{E1C43CEF-B3B0-4A74-B465-5536CBCDE061}.Debug|x64.Build.0 = Debug|Any CPU
		{E1C43CEF-B3B0-4A74-B465-5536CBCDE061}.Debug|x86.ActiveCfg = Debug|Any CPU
		{E1C43CEF-B3B0-4A74-B465-5536CBCDE061}.Debug|x86.Build.0 = Debug|Any CPU
		{E1C43CEF-B3B0-4A74-B465-5536CBCDE061}.Release|Any CPU.ActiveCfg = Release|Any CPU
		{E1C43CEF-B3B0-4A74-B465-5536CBCDE061}.Release|Any CPU.Build.0 = Release|Any CPU
		{E1C43CEF-B3B0-4A74-B465-5536CBCDE061}.Release|x64.ActiveCfg = Release|Any CPU
		{E1C43CEF-B3B0-4A74-B465-5536CBCDE061}.Release|x64.Build.0 = Release|Any CPU
		{E1C43CEF-B3B0-4A74-B465-5536CBCDE061}.Release|x86.ActiveCfg = Release|Any CPU
		{E1C43CEF-B3B0-4A74-B465-5536CBCDE061}.Release|x86.Build.0 = Release|Any CPU
		{F48F48B4-4710-4DD5-921D-9086A7941BA0}.Debug|Any CPU.ActiveCfg = Debug|Any CPU
		{F48F48B4-4710-4DD5-921D-9086A7941BA0}.Debug|Any CPU.Build.0 = Debug|Any CPU
		{F48F48B4-4710-4DD5-921D-9086A7941BA0}.Debug|x64.ActiveCfg = Debug|Any CPU
		{F48F48B4-4710-4DD5-921D-9086A7941BA0}.Debug|x64.Build.0 = Debug|Any CPU
		{F48F48B4-4710-4DD5-921D-9086A7941BA0}.Debug|x86.ActiveCfg = Debug|Any CPU
		{F48F48B4-4710-4DD5-921D-9086A7941BA0}.Debug|x86.Build.0 = Debug|Any CPU
		{F48F48B4-4710-4DD5-921D-9086A7941BA0}.Release|Any CPU.ActiveCfg = Release|Any CPU
		{F48F48B4-4710-4DD5-921D-9086A7941BA0}.Release|Any CPU.Build.0 = Release|Any CPU
		{F48F48B4-4710-4DD5-921D-9086A7941BA0}.Release|x64.ActiveCfg = Release|Any CPU
		{F48F48B4-4710-4DD5-921D-9086A7941BA0}.Release|x64.Build.0 = Release|Any CPU
		{F48F48B4-4710-4DD5-921D-9086A7941BA0}.Release|x86.ActiveCfg = Release|Any CPU
		{F48F48B4-4710-4DD5-921D-9086A7941BA0}.Release|x86.Build.0 = Release|Any CPU
		{FCFFFDD9-349F-4216-A448-CD05EC673309}.Debug|Any CPU.ActiveCfg = Debug|Any CPU
		{FCFFFDD9-349F-4216-A448-CD05EC673309}.Debug|Any CPU.Build.0 = Debug|Any CPU
		{FCFFFDD9-349F-4216-A448-CD05EC673309}.Debug|x64.ActiveCfg = Debug|Any CPU
		{FCFFFDD9-349F-4216-A448-CD05EC673309}.Debug|x64.Build.0 = Debug|Any CPU
		{FCFFFDD9-349F-4216-A448-CD05EC673309}.Debug|x86.ActiveCfg = Debug|Any CPU
		{FCFFFDD9-349F-4216-A448-CD05EC673309}.Debug|x86.Build.0 = Debug|Any CPU
		{FCFFFDD9-349F-4216-A448-CD05EC673309}.Release|Any CPU.ActiveCfg = Release|Any CPU
		{FCFFFDD9-349F-4216-A448-CD05EC673309}.Release|Any CPU.Build.0 = Release|Any CPU
		{FCFFFDD9-349F-4216-A448-CD05EC673309}.Release|x64.ActiveCfg = Release|Any CPU
		{FCFFFDD9-349F-4216-A448-CD05EC673309}.Release|x64.Build.0 = Release|Any CPU
		{FCFFFDD9-349F-4216-A448-CD05EC673309}.Release|x86.ActiveCfg = Release|Any CPU
		{FCFFFDD9-349F-4216-A448-CD05EC673309}.Release|x86.Build.0 = Release|Any CPU
		{9DE9FDFB-80B1-4A6D-A204-5AF42008DE9F}.Debug|Any CPU.ActiveCfg = Debug|Any CPU
		{9DE9FDFB-80B1-4A6D-A204-5AF42008DE9F}.Debug|Any CPU.Build.0 = Debug|Any CPU
		{9DE9FDFB-80B1-4A6D-A204-5AF42008DE9F}.Debug|x64.ActiveCfg = Debug|Any CPU
		{9DE9FDFB-80B1-4A6D-A204-5AF42008DE9F}.Debug|x64.Build.0 = Debug|Any CPU
		{9DE9FDFB-80B1-4A6D-A204-5AF42008DE9F}.Debug|x86.ActiveCfg = Debug|Any CPU
		{9DE9FDFB-80B1-4A6D-A204-5AF42008DE9F}.Debug|x86.Build.0 = Debug|Any CPU
		{9DE9FDFB-80B1-4A6D-A204-5AF42008DE9F}.Release|Any CPU.ActiveCfg = Release|Any CPU
		{9DE9FDFB-80B1-4A6D-A204-5AF42008DE9F}.Release|Any CPU.Build.0 = Release|Any CPU
		{9DE9FDFB-80B1-4A6D-A204-5AF42008DE9F}.Release|x64.ActiveCfg = Release|Any CPU
		{9DE9FDFB-80B1-4A6D-A204-5AF42008DE9F}.Release|x64.Build.0 = Release|Any CPU
		{9DE9FDFB-80B1-4A6D-A204-5AF42008DE9F}.Release|x86.ActiveCfg = Release|Any CPU
		{9DE9FDFB-80B1-4A6D-A204-5AF42008DE9F}.Release|x86.Build.0 = Release|Any CPU
		{D336D7CF-EAD8-4E81-8384-6B4F3C5BEA20}.Debug|Any CPU.ActiveCfg = Debug|Any CPU
		{D336D7CF-EAD8-4E81-8384-6B4F3C5BEA20}.Debug|Any CPU.Build.0 = Debug|Any CPU
		{D336D7CF-EAD8-4E81-8384-6B4F3C5BEA20}.Debug|x64.ActiveCfg = Debug|Any CPU
		{D336D7CF-EAD8-4E81-8384-6B4F3C5BEA20}.Debug|x64.Build.0 = Debug|Any CPU
		{D336D7CF-EAD8-4E81-8384-6B4F3C5BEA20}.Debug|x86.ActiveCfg = Debug|Any CPU
		{D336D7CF-EAD8-4E81-8384-6B4F3C5BEA20}.Debug|x86.Build.0 = Debug|Any CPU
		{D336D7CF-EAD8-4E81-8384-6B4F3C5BEA20}.Release|Any CPU.ActiveCfg = Release|Any CPU
		{D336D7CF-EAD8-4E81-8384-6B4F3C5BEA20}.Release|Any CPU.Build.0 = Release|Any CPU
		{D336D7CF-EAD8-4E81-8384-6B4F3C5BEA20}.Release|x64.ActiveCfg = Release|Any CPU
		{D336D7CF-EAD8-4E81-8384-6B4F3C5BEA20}.Release|x64.Build.0 = Release|Any CPU
		{D336D7CF-EAD8-4E81-8384-6B4F3C5BEA20}.Release|x86.ActiveCfg = Release|Any CPU
		{D336D7CF-EAD8-4E81-8384-6B4F3C5BEA20}.Release|x86.Build.0 = Release|Any CPU
		{6F619A45-EB79-472D-9D0A-810CBE258690}.Debug|Any CPU.ActiveCfg = Debug|Any CPU
		{6F619A45-EB79-472D-9D0A-810CBE258690}.Debug|Any CPU.Build.0 = Debug|Any CPU
		{6F619A45-EB79-472D-9D0A-810CBE258690}.Debug|x64.ActiveCfg = Debug|Any CPU
		{6F619A45-EB79-472D-9D0A-810CBE258690}.Debug|x64.Build.0 = Debug|Any CPU
		{6F619A45-EB79-472D-9D0A-810CBE258690}.Debug|x86.ActiveCfg = Debug|Any CPU
		{6F619A45-EB79-472D-9D0A-810CBE258690}.Debug|x86.Build.0 = Debug|Any CPU
		{6F619A45-EB79-472D-9D0A-810CBE258690}.Release|Any CPU.ActiveCfg = Release|Any CPU
		{6F619A45-EB79-472D-9D0A-810CBE258690}.Release|Any CPU.Build.0 = Release|Any CPU
		{6F619A45-EB79-472D-9D0A-810CBE258690}.Release|x64.ActiveCfg = Release|Any CPU
		{6F619A45-EB79-472D-9D0A-810CBE258690}.Release|x64.Build.0 = Release|Any CPU
		{6F619A45-EB79-472D-9D0A-810CBE258690}.Release|x86.ActiveCfg = Release|Any CPU
		{6F619A45-EB79-472D-9D0A-810CBE258690}.Release|x86.Build.0 = Release|Any CPU
		{2AA20872-95DA-40B5-AE2C-E28C858EF47A}.Debug|Any CPU.ActiveCfg = Debug|Any CPU
		{2AA20872-95DA-40B5-AE2C-E28C858EF47A}.Debug|Any CPU.Build.0 = Debug|Any CPU
		{2AA20872-95DA-40B5-AE2C-E28C858EF47A}.Debug|x64.ActiveCfg = Debug|Any CPU
		{2AA20872-95DA-40B5-AE2C-E28C858EF47A}.Debug|x64.Build.0 = Debug|Any CPU
		{2AA20872-95DA-40B5-AE2C-E28C858EF47A}.Debug|x86.ActiveCfg = Debug|Any CPU
		{2AA20872-95DA-40B5-AE2C-E28C858EF47A}.Debug|x86.Build.0 = Debug|Any CPU
		{2AA20872-95DA-40B5-AE2C-E28C858EF47A}.Release|Any CPU.ActiveCfg = Release|Any CPU
		{2AA20872-95DA-40B5-AE2C-E28C858EF47A}.Release|Any CPU.Build.0 = Release|Any CPU
		{2AA20872-95DA-40B5-AE2C-E28C858EF47A}.Release|x64.ActiveCfg = Release|Any CPU
		{2AA20872-95DA-40B5-AE2C-E28C858EF47A}.Release|x64.Build.0 = Release|Any CPU
		{2AA20872-95DA-40B5-AE2C-E28C858EF47A}.Release|x86.ActiveCfg = Release|Any CPU
		{2AA20872-95DA-40B5-AE2C-E28C858EF47A}.Release|x86.Build.0 = Release|Any CPU
		{40D6829A-9F37-4D1C-AB29-48715440FA32}.Debug|Any CPU.ActiveCfg = Debug|Any CPU
		{40D6829A-9F37-4D1C-AB29-48715440FA32}.Debug|Any CPU.Build.0 = Debug|Any CPU
		{40D6829A-9F37-4D1C-AB29-48715440FA32}.Debug|x64.ActiveCfg = Debug|Any CPU
		{40D6829A-9F37-4D1C-AB29-48715440FA32}.Debug|x64.Build.0 = Debug|Any CPU
		{40D6829A-9F37-4D1C-AB29-48715440FA32}.Debug|x86.ActiveCfg = Debug|Any CPU
		{40D6829A-9F37-4D1C-AB29-48715440FA32}.Debug|x86.Build.0 = Debug|Any CPU
		{40D6829A-9F37-4D1C-AB29-48715440FA32}.Release|Any CPU.ActiveCfg = Release|Any CPU
		{40D6829A-9F37-4D1C-AB29-48715440FA32}.Release|Any CPU.Build.0 = Release|Any CPU
		{40D6829A-9F37-4D1C-AB29-48715440FA32}.Release|x64.ActiveCfg = Release|Any CPU
		{40D6829A-9F37-4D1C-AB29-48715440FA32}.Release|x64.Build.0 = Release|Any CPU
		{40D6829A-9F37-4D1C-AB29-48715440FA32}.Release|x86.ActiveCfg = Release|Any CPU
		{40D6829A-9F37-4D1C-AB29-48715440FA32}.Release|x86.Build.0 = Release|Any CPU
		{2E7D4172-F347-45BE-BBE4-0A800074ABFE}.Debug|Any CPU.ActiveCfg = Debug|Any CPU
		{2E7D4172-F347-45BE-BBE4-0A800074ABFE}.Debug|Any CPU.Build.0 = Debug|Any CPU
		{2E7D4172-F347-45BE-BBE4-0A800074ABFE}.Debug|x64.ActiveCfg = Debug|Any CPU
		{2E7D4172-F347-45BE-BBE4-0A800074ABFE}.Debug|x64.Build.0 = Debug|Any CPU
		{2E7D4172-F347-45BE-BBE4-0A800074ABFE}.Debug|x86.ActiveCfg = Debug|Any CPU
		{2E7D4172-F347-45BE-BBE4-0A800074ABFE}.Debug|x86.Build.0 = Debug|Any CPU
		{2E7D4172-F347-45BE-BBE4-0A800074ABFE}.Release|Any CPU.ActiveCfg = Release|Any CPU
		{2E7D4172-F347-45BE-BBE4-0A800074ABFE}.Release|Any CPU.Build.0 = Release|Any CPU
		{2E7D4172-F347-45BE-BBE4-0A800074ABFE}.Release|x64.ActiveCfg = Release|Any CPU
		{2E7D4172-F347-45BE-BBE4-0A800074ABFE}.Release|x64.Build.0 = Release|Any CPU
		{2E7D4172-F347-45BE-BBE4-0A800074ABFE}.Release|x86.ActiveCfg = Release|Any CPU
		{2E7D4172-F347-45BE-BBE4-0A800074ABFE}.Release|x86.Build.0 = Release|Any CPU
		{DE9ACA18-E198-4D41-A140-5A80EEC45F49}.Debug|Any CPU.ActiveCfg = Debug|Any CPU
		{DE9ACA18-E198-4D41-A140-5A80EEC45F49}.Debug|Any CPU.Build.0 = Debug|Any CPU
		{DE9ACA18-E198-4D41-A140-5A80EEC45F49}.Debug|x64.ActiveCfg = Debug|Any CPU
		{DE9ACA18-E198-4D41-A140-5A80EEC45F49}.Debug|x64.Build.0 = Debug|Any CPU
		{DE9ACA18-E198-4D41-A140-5A80EEC45F49}.Debug|x86.ActiveCfg = Debug|Any CPU
		{DE9ACA18-E198-4D41-A140-5A80EEC45F49}.Debug|x86.Build.0 = Debug|Any CPU
		{DE9ACA18-E198-4D41-A140-5A80EEC45F49}.Release|Any CPU.ActiveCfg = Release|Any CPU
		{DE9ACA18-E198-4D41-A140-5A80EEC45F49}.Release|Any CPU.Build.0 = Release|Any CPU
		{DE9ACA18-E198-4D41-A140-5A80EEC45F49}.Release|x64.ActiveCfg = Release|Any CPU
		{DE9ACA18-E198-4D41-A140-5A80EEC45F49}.Release|x64.Build.0 = Release|Any CPU
		{DE9ACA18-E198-4D41-A140-5A80EEC45F49}.Release|x86.ActiveCfg = Release|Any CPU
		{DE9ACA18-E198-4D41-A140-5A80EEC45F49}.Release|x86.Build.0 = Release|Any CPU
		{0C536C5A-9E54-4F92-B113-E7F0DD22E743}.Debug|Any CPU.ActiveCfg = Debug|Any CPU
		{0C536C5A-9E54-4F92-B113-E7F0DD22E743}.Debug|Any CPU.Build.0 = Debug|Any CPU
		{0C536C5A-9E54-4F92-B113-E7F0DD22E743}.Debug|x64.ActiveCfg = Debug|Any CPU
		{0C536C5A-9E54-4F92-B113-E7F0DD22E743}.Debug|x64.Build.0 = Debug|Any CPU
		{0C536C5A-9E54-4F92-B113-E7F0DD22E743}.Debug|x86.ActiveCfg = Debug|Any CPU
		{0C536C5A-9E54-4F92-B113-E7F0DD22E743}.Debug|x86.Build.0 = Debug|Any CPU
		{0C536C5A-9E54-4F92-B113-E7F0DD22E743}.Release|Any CPU.ActiveCfg = Release|Any CPU
		{0C536C5A-9E54-4F92-B113-E7F0DD22E743}.Release|Any CPU.Build.0 = Release|Any CPU
		{0C536C5A-9E54-4F92-B113-E7F0DD22E743}.Release|x64.ActiveCfg = Release|Any CPU
		{0C536C5A-9E54-4F92-B113-E7F0DD22E743}.Release|x64.Build.0 = Release|Any CPU
		{0C536C5A-9E54-4F92-B113-E7F0DD22E743}.Release|x86.ActiveCfg = Release|Any CPU
		{0C536C5A-9E54-4F92-B113-E7F0DD22E743}.Release|x86.Build.0 = Release|Any CPU
		{363BF8C0-341F-48DC-AD3F-8698DF80F2A4}.Debug|Any CPU.ActiveCfg = Debug|Any CPU
		{363BF8C0-341F-48DC-AD3F-8698DF80F2A4}.Debug|Any CPU.Build.0 = Debug|Any CPU
		{363BF8C0-341F-48DC-AD3F-8698DF80F2A4}.Debug|x64.ActiveCfg = Debug|Any CPU
		{363BF8C0-341F-48DC-AD3F-8698DF80F2A4}.Debug|x64.Build.0 = Debug|Any CPU
		{363BF8C0-341F-48DC-AD3F-8698DF80F2A4}.Debug|x86.ActiveCfg = Debug|Any CPU
		{363BF8C0-341F-48DC-AD3F-8698DF80F2A4}.Debug|x86.Build.0 = Debug|Any CPU
		{363BF8C0-341F-48DC-AD3F-8698DF80F2A4}.Release|Any CPU.ActiveCfg = Release|Any CPU
		{363BF8C0-341F-48DC-AD3F-8698DF80F2A4}.Release|Any CPU.Build.0 = Release|Any CPU
		{363BF8C0-341F-48DC-AD3F-8698DF80F2A4}.Release|x64.ActiveCfg = Release|Any CPU
		{363BF8C0-341F-48DC-AD3F-8698DF80F2A4}.Release|x64.Build.0 = Release|Any CPU
		{363BF8C0-341F-48DC-AD3F-8698DF80F2A4}.Release|x86.ActiveCfg = Release|Any CPU
		{363BF8C0-341F-48DC-AD3F-8698DF80F2A4}.Release|x86.Build.0 = Release|Any CPU
		{22D32DE6-AED9-478C-A14F-277B3C884CA2}.Debug|Any CPU.ActiveCfg = Debug|Any CPU
		{22D32DE6-AED9-478C-A14F-277B3C884CA2}.Debug|Any CPU.Build.0 = Debug|Any CPU
		{22D32DE6-AED9-478C-A14F-277B3C884CA2}.Debug|x64.ActiveCfg = Debug|Any CPU
		{22D32DE6-AED9-478C-A14F-277B3C884CA2}.Debug|x64.Build.0 = Debug|Any CPU
		{22D32DE6-AED9-478C-A14F-277B3C884CA2}.Debug|x86.ActiveCfg = Debug|Any CPU
		{22D32DE6-AED9-478C-A14F-277B3C884CA2}.Debug|x86.Build.0 = Debug|Any CPU
		{22D32DE6-AED9-478C-A14F-277B3C884CA2}.Release|Any CPU.ActiveCfg = Release|Any CPU
		{22D32DE6-AED9-478C-A14F-277B3C884CA2}.Release|Any CPU.Build.0 = Release|Any CPU
		{22D32DE6-AED9-478C-A14F-277B3C884CA2}.Release|x64.ActiveCfg = Release|Any CPU
		{22D32DE6-AED9-478C-A14F-277B3C884CA2}.Release|x64.Build.0 = Release|Any CPU
		{22D32DE6-AED9-478C-A14F-277B3C884CA2}.Release|x86.ActiveCfg = Release|Any CPU
		{22D32DE6-AED9-478C-A14F-277B3C884CA2}.Release|x86.Build.0 = Release|Any CPU
		{46D51430-D531-4577-987A-09ECF4D5AB23}.Debug|Any CPU.ActiveCfg = Debug|Any CPU
		{46D51430-D531-4577-987A-09ECF4D5AB23}.Debug|Any CPU.Build.0 = Debug|Any CPU
		{46D51430-D531-4577-987A-09ECF4D5AB23}.Debug|x64.ActiveCfg = Debug|Any CPU
		{46D51430-D531-4577-987A-09ECF4D5AB23}.Debug|x64.Build.0 = Debug|Any CPU
		{46D51430-D531-4577-987A-09ECF4D5AB23}.Debug|x86.ActiveCfg = Debug|Any CPU
		{46D51430-D531-4577-987A-09ECF4D5AB23}.Debug|x86.Build.0 = Debug|Any CPU
		{46D51430-D531-4577-987A-09ECF4D5AB23}.Release|Any CPU.ActiveCfg = Release|Any CPU
		{46D51430-D531-4577-987A-09ECF4D5AB23}.Release|Any CPU.Build.0 = Release|Any CPU
		{46D51430-D531-4577-987A-09ECF4D5AB23}.Release|x64.ActiveCfg = Release|Any CPU
		{46D51430-D531-4577-987A-09ECF4D5AB23}.Release|x64.Build.0 = Release|Any CPU
		{46D51430-D531-4577-987A-09ECF4D5AB23}.Release|x86.ActiveCfg = Release|Any CPU
		{46D51430-D531-4577-987A-09ECF4D5AB23}.Release|x86.Build.0 = Release|Any CPU
		{604C0DA3-C6FE-4707-9A99-32FE1E84E329}.Debug|Any CPU.ActiveCfg = Debug|Any CPU
		{604C0DA3-C6FE-4707-9A99-32FE1E84E329}.Debug|Any CPU.Build.0 = Debug|Any CPU
		{604C0DA3-C6FE-4707-9A99-32FE1E84E329}.Debug|x64.ActiveCfg = Debug|Any CPU
		{604C0DA3-C6FE-4707-9A99-32FE1E84E329}.Debug|x64.Build.0 = Debug|Any CPU
		{604C0DA3-C6FE-4707-9A99-32FE1E84E329}.Debug|x86.ActiveCfg = Debug|Any CPU
		{604C0DA3-C6FE-4707-9A99-32FE1E84E329}.Debug|x86.Build.0 = Debug|Any CPU
		{604C0DA3-C6FE-4707-9A99-32FE1E84E329}.Release|Any CPU.ActiveCfg = Release|Any CPU
		{604C0DA3-C6FE-4707-9A99-32FE1E84E329}.Release|Any CPU.Build.0 = Release|Any CPU
		{604C0DA3-C6FE-4707-9A99-32FE1E84E329}.Release|x64.ActiveCfg = Release|Any CPU
		{604C0DA3-C6FE-4707-9A99-32FE1E84E329}.Release|x64.Build.0 = Release|Any CPU
		{604C0DA3-C6FE-4707-9A99-32FE1E84E329}.Release|x86.ActiveCfg = Release|Any CPU
		{604C0DA3-C6FE-4707-9A99-32FE1E84E329}.Release|x86.Build.0 = Release|Any CPU
		{5C3C2B07-3C3E-452E-84A1-B36F2BE46708}.Debug|Any CPU.ActiveCfg = Debug|Any CPU
		{5C3C2B07-3C3E-452E-84A1-B36F2BE46708}.Debug|Any CPU.Build.0 = Debug|Any CPU
		{5C3C2B07-3C3E-452E-84A1-B36F2BE46708}.Debug|x64.ActiveCfg = Debug|Any CPU
		{5C3C2B07-3C3E-452E-84A1-B36F2BE46708}.Debug|x64.Build.0 = Debug|Any CPU
		{5C3C2B07-3C3E-452E-84A1-B36F2BE46708}.Debug|x86.ActiveCfg = Debug|Any CPU
		{5C3C2B07-3C3E-452E-84A1-B36F2BE46708}.Debug|x86.Build.0 = Debug|Any CPU
		{5C3C2B07-3C3E-452E-84A1-B36F2BE46708}.Release|Any CPU.ActiveCfg = Release|Any CPU
		{5C3C2B07-3C3E-452E-84A1-B36F2BE46708}.Release|Any CPU.Build.0 = Release|Any CPU
		{5C3C2B07-3C3E-452E-84A1-B36F2BE46708}.Release|x64.ActiveCfg = Release|Any CPU
		{5C3C2B07-3C3E-452E-84A1-B36F2BE46708}.Release|x64.Build.0 = Release|Any CPU
		{5C3C2B07-3C3E-452E-84A1-B36F2BE46708}.Release|x86.ActiveCfg = Release|Any CPU
		{5C3C2B07-3C3E-452E-84A1-B36F2BE46708}.Release|x86.Build.0 = Release|Any CPU
		{74A19FB8-5163-4006-A29C-A9773B9AF881}.Debug|Any CPU.ActiveCfg = Debug|Any CPU
		{74A19FB8-5163-4006-A29C-A9773B9AF881}.Debug|Any CPU.Build.0 = Debug|Any CPU
		{74A19FB8-5163-4006-A29C-A9773B9AF881}.Debug|x64.ActiveCfg = Debug|Any CPU
		{74A19FB8-5163-4006-A29C-A9773B9AF881}.Debug|x64.Build.0 = Debug|Any CPU
		{74A19FB8-5163-4006-A29C-A9773B9AF881}.Debug|x86.ActiveCfg = Debug|Any CPU
		{74A19FB8-5163-4006-A29C-A9773B9AF881}.Debug|x86.Build.0 = Debug|Any CPU
		{74A19FB8-5163-4006-A29C-A9773B9AF881}.Release|Any CPU.ActiveCfg = Release|Any CPU
		{74A19FB8-5163-4006-A29C-A9773B9AF881}.Release|Any CPU.Build.0 = Release|Any CPU
		{74A19FB8-5163-4006-A29C-A9773B9AF881}.Release|x64.ActiveCfg = Release|Any CPU
		{74A19FB8-5163-4006-A29C-A9773B9AF881}.Release|x64.Build.0 = Release|Any CPU
		{74A19FB8-5163-4006-A29C-A9773B9AF881}.Release|x86.ActiveCfg = Release|Any CPU
		{74A19FB8-5163-4006-A29C-A9773B9AF881}.Release|x86.Build.0 = Release|Any CPU
		{699EF0D1-762C-420F-9340-0AD91590832B}.Debug|Any CPU.ActiveCfg = Debug|Any CPU
		{699EF0D1-762C-420F-9340-0AD91590832B}.Debug|Any CPU.Build.0 = Debug|Any CPU
		{699EF0D1-762C-420F-9340-0AD91590832B}.Debug|x64.ActiveCfg = Debug|Any CPU
		{699EF0D1-762C-420F-9340-0AD91590832B}.Debug|x64.Build.0 = Debug|Any CPU
		{699EF0D1-762C-420F-9340-0AD91590832B}.Debug|x86.ActiveCfg = Debug|Any CPU
		{699EF0D1-762C-420F-9340-0AD91590832B}.Debug|x86.Build.0 = Debug|Any CPU
		{699EF0D1-762C-420F-9340-0AD91590832B}.Release|Any CPU.ActiveCfg = Release|Any CPU
		{699EF0D1-762C-420F-9340-0AD91590832B}.Release|Any CPU.Build.0 = Release|Any CPU
		{699EF0D1-762C-420F-9340-0AD91590832B}.Release|x64.ActiveCfg = Release|Any CPU
		{699EF0D1-762C-420F-9340-0AD91590832B}.Release|x64.Build.0 = Release|Any CPU
		{699EF0D1-762C-420F-9340-0AD91590832B}.Release|x86.ActiveCfg = Release|Any CPU
		{699EF0D1-762C-420F-9340-0AD91590832B}.Release|x86.Build.0 = Release|Any CPU
	EndGlobalSection
	GlobalSection(SolutionProperties) = preSolution
		HideSolutionNode = FALSE
	EndGlobalSection
	GlobalSection(NestedProjects) = preSolution
		{CECB1561-03AA-4DDC-97D9-965B55DC4E2C} = {DE571310-CBAE-4C0A-97D7-1928A70C6573}
		{84D6C30E-574C-4723-9926-A6D281AD9251} = {DE571310-CBAE-4C0A-97D7-1928A70C6573}
		{96B093F2-0C21-416F-B074-8C527A44F66F} = {DE571310-CBAE-4C0A-97D7-1928A70C6573}
		{A76189F6-7DC4-4AEC-AA81-94965A77D2BA} = {DE571310-CBAE-4C0A-97D7-1928A70C6573}
		{40E9FB78-54FC-4BC3-A7E6-08A09F61296F} = {DE571310-CBAE-4C0A-97D7-1928A70C6573}
		{E1C43CEF-B3B0-4A74-B465-5536CBCDE061} = {DE571310-CBAE-4C0A-97D7-1928A70C6573}
		{F48F48B4-4710-4DD5-921D-9086A7941BA0} = {DE571310-CBAE-4C0A-97D7-1928A70C6573}
		{FCFFFDD9-349F-4216-A448-CD05EC673309} = {DE571310-CBAE-4C0A-97D7-1928A70C6573}
		{9DE9FDFB-80B1-4A6D-A204-5AF42008DE9F} = {DE571310-CBAE-4C0A-97D7-1928A70C6573}
		{D336D7CF-EAD8-4E81-8384-6B4F3C5BEA20} = {DE571310-CBAE-4C0A-97D7-1928A70C6573}
		{6F619A45-EB79-472D-9D0A-810CBE258690} = {DE571310-CBAE-4C0A-97D7-1928A70C6573}
		{2AA20872-95DA-40B5-AE2C-E28C858EF47A} = {DE571310-CBAE-4C0A-97D7-1928A70C6573}
		{40D6829A-9F37-4D1C-AB29-48715440FA32} = {DE571310-CBAE-4C0A-97D7-1928A70C6573}
		{2E7D4172-F347-45BE-BBE4-0A800074ABFE} = {DE571310-CBAE-4C0A-97D7-1928A70C6573}
		{DE9ACA18-E198-4D41-A140-5A80EEC45F49} = {DE571310-CBAE-4C0A-97D7-1928A70C6573}
		{0C536C5A-9E54-4F92-B113-E7F0DD22E743} = {DE571310-CBAE-4C0A-97D7-1928A70C6573}
		{363BF8C0-341F-48DC-AD3F-8698DF80F2A4} = {DE571310-CBAE-4C0A-97D7-1928A70C6573}
		{22D32DE6-AED9-478C-A14F-277B3C884CA2} = {DE571310-CBAE-4C0A-97D7-1928A70C6573}
		{46D51430-D531-4577-987A-09ECF4D5AB23} = {DE571310-CBAE-4C0A-97D7-1928A70C6573}
		{A4EE7893-0C96-4054-A63B-0DB76C84581F} = {DE571310-CBAE-4C0A-97D7-1928A70C6573}
		{604C0DA3-C6FE-4707-9A99-32FE1E84E329} = {A4EE7893-0C96-4054-A63B-0DB76C84581F}
		{5C3C2B07-3C3E-452E-84A1-B36F2BE46708} = {DE571310-CBAE-4C0A-97D7-1928A70C6573}
		{74A19FB8-5163-4006-A29C-A9773B9AF881} = {DE571310-CBAE-4C0A-97D7-1928A70C6573}
		{699EF0D1-762C-420F-9340-0AD91590832B} = {DE571310-CBAE-4C0A-97D7-1928A70C6573}
	EndGlobalSection
	GlobalSection(ExtensibilityGlobals) = postSolution
		SolutionGuid = {86EC97F1-BC82-440D-A242-0757154EE947}
	EndGlobalSection
EndGlobal
