
Microsoft Visual Studio Solution File, Format Version 12.00
# Visual Studio Version 16
VisualStudioVersion = 16.0.29318.209
MinimumVisualStudioVersion = 10.0.40219.1
Project("{FAE04EC0-301F-11D3-BF4B-00C04F79EFBC}") = "HealthCheckBlogDemo", "HealthCheckBlogDemo\HealthCheckBlogDemo.csproj", "{AAB176E7-F020-4344-8D86-6836043D71FD}"
EndProject
Global
	GlobalSection(SolutionConfigurationPlatforms) = preSolution
		Debug|Any CPU = Debug|Any CPU
		Release|Any CPU = Release|Any CPU
	EndGlobalSection
	GlobalSection(ProjectConfigurationPlatforms) = postSolution
		{AAB176E7-F020-4344-8D86-6836043D71FD}.Debug|Any CPU.ActiveCfg = Debug|Any CPU
		{AAB176E7-F020-4344-8D86-6836043D71FD}.Debug|Any CPU.Build.0 = Debug|Any CPU
		{AAB176E7-F020-4344-8D86-6836043D71FD}.Release|Any CPU.ActiveCfg = Release|Any CPU
		{AAB176E7-F020-4344-8D86-6836043D71FD}.Release|Any CPU.Build.0 = Release|Any CPU
	EndGlobalSection
	GlobalSection(SolutionProperties) = preSolution
		HideSolutionNode = FALSE
	EndGlobalSection
	GlobalSection(ExtensibilityGlobals) = postSolution
		SolutionGuid = {4AF91F04-8208-46D8-B566-79165A008185}
	EndGlobalSection
EndGlobal
