
Microsoft Visual Studio Solution File, Format Version 12.00
# Visual Studio Version 16
VisualStudioVersion = 16.0.29318.209
MinimumVisualStudioVersion = 10.0.40219.1
Project("{FAE04EC0-301F-11D3-BF4B-00C04F79EFBC}") = "DockerDeployDemo", "DockerDeployDemo\DockerDeployDemo.csproj", "{D065F82F-9684-4CC1-B492-CD8A91556D0F}"
EndProject
Global
	GlobalSection(SolutionConfigurationPlatforms) = preSolution
		Debug|Any CPU = Debug|Any CPU
		Release|Any CPU = Release|Any CPU
	EndGlobalSection
	GlobalSection(ProjectConfigurationPlatforms) = postSolution
		{D065F82F-9684-4CC1-B492-CD8A91556D0F}.Debug|Any CPU.ActiveCfg = Debug|Any CPU
		{D065F82F-9684-4CC1-B492-CD8A91556D0F}.Debug|Any CPU.Build.0 = Debug|Any CPU
		{D065F82F-9684-4CC1-B492-CD8A91556D0F}.Release|Any CPU.ActiveCfg = Release|Any CPU
		{D065F82F-9684-4CC1-B492-CD8A91556D0F}.Release|Any CPU.Build.0 = Release|Any CPU
	EndGlobalSection
	GlobalSection(SolutionProperties) = preSolution
		HideSolutionNode = FALSE
	EndGlobalSection
	GlobalSection(ExtensibilityGlobals) = postSolution
		SolutionGuid = {41CC2465-7153-48AA-917F-6F8404E8A98D}
	EndGlobalSection
EndGlobal
